
Microsoft Visual Studio Solution File, Format Version 12.00
# Visual Studio Version 16
VisualStudioVersion = 16.0.29509.3
MinimumVisualStudioVersion = 10.0.40219.1
Project("{FAE04EC0-301F-11D3-BF4B-00C04F79EFBC}") = "Threadpool", "Threadpool\Threadpool.csproj", "{0E1CBA31-D991-42BB-BE22-FA0A8289CAAB}"
EndProject
Global
	GlobalSection(SolutionConfigurationPlatforms) = preSolution
		Debug|Any CPU = Debug|Any CPU
		Release|Any CPU = Release|Any CPU
	EndGlobalSection
	GlobalSection(ProjectConfigurationPlatforms) = postSolution
		{0E1CBA31-D991-42BB-BE22-FA0A8289CAAB}.Debug|Any CPU.ActiveCfg = Debug|Any CPU
		{0E1CBA31-D991-42BB-BE22-FA0A8289CAAB}.Debug|Any CPU.Build.0 = Debug|Any CPU
		{0E1CBA31-D991-42BB-BE22-FA0A8289CAAB}.Release|Any CPU.ActiveCfg = Release|Any CPU
		{0E1CBA31-D991-42BB-BE22-FA0A8289CAAB}.Release|Any CPU.Build.0 = Release|Any CPU
	EndGlobalSection
	GlobalSection(SolutionProperties) = preSolution
		HideSolutionNode = FALSE
	EndGlobalSection
	GlobalSection(ExtensibilityGlobals) = postSolution
		SolutionGuid = {49C421D2-07F7-46AF-983A-A20F61CC9FD6}
	EndGlobalSection
EndGlobal
