
Microsoft Visual Studio Solution File, Format Version 12.00
# Visual Studio Version 16
VisualStudioVersion = 16.0.29509.3
MinimumVisualStudioVersion = 10.0.40219.1
Project("{FAE04EC0-301F-11D3-BF4B-00C04F79EFBC}") = "Dining philophers", "Dining philophers\Dining philophers.csproj", "{0175673F-E491-4A3F-B8D1-EB19B68205B3}"
EndProject
Global
	GlobalSection(SolutionConfigurationPlatforms) = preSolution
		Debug|Any CPU = Debug|Any CPU
		Release|Any CPU = Release|Any CPU
	EndGlobalSection
	GlobalSection(ProjectConfigurationPlatforms) = postSolution
		{0175673F-E491-4A3F-B8D1-EB19B68205B3}.Debug|Any CPU.ActiveCfg = Debug|Any CPU
		{0175673F-E491-4A3F-B8D1-EB19B68205B3}.Debug|Any CPU.Build.0 = Debug|Any CPU
		{0175673F-E491-4A3F-B8D1-EB19B68205B3}.Release|Any CPU.ActiveCfg = Release|Any CPU
		{0175673F-E491-4A3F-B8D1-EB19B68205B3}.Release|Any CPU.Build.0 = Release|Any CPU
	EndGlobalSection
	GlobalSection(SolutionProperties) = preSolution
		HideSolutionNode = FALSE
	EndGlobalSection
	GlobalSection(ExtensibilityGlobals) = postSolution
		SolutionGuid = {2DE78E49-4875-4C28-A717-377D9144F66A}
	EndGlobalSection
EndGlobal
